
Microsoft Visual Studio Solution File, Format Version 12.00
Project("{FAE04EC0-301F-11D3-BF4B-00C04F79EFBC}") = "VSharp.CSharpUtils", "VSharp.CSharpUtils\VSharp.CSharpUtils.csproj", "{C3AC6243-43EB-4312-AF41-03D36CED52DE}"
EndProject
Project("{F2A71F9B-5D33-465A-A702-920D77279786}") = "VSharp.Utils", "VSharp.Utils\VSharp.Utils.fsproj", "{3DB0E7E2-27B2-47CD-AE52-01F8C57209E6}"
EndProject
Project("{F2A71F9B-5D33-465A-A702-920D77279786}") = "VSharp.SILI.Core", "VSharp.SILI.Core\VSharp.SILI.Core.fsproj", "{440C1023-B26F-495B-B472-883B036031B2}"
EndProject
Project("{F2A71F9B-5D33-465A-A702-920D77279786}") = "VSharp.Solver", "VSharp.Solver\VSharp.Solver.fsproj", "{6AA1BE0D-5CD4-4F70-AC9F-B72AB8987209}"
EndProject
Project("{F2A71F9B-5D33-465A-A702-920D77279786}") = "VSharp.InternalCalls", "VSharp.InternalCalls\VSharp.InternalCalls.fsproj", "{506074B4-2DA6-4833-9E20-C99E6AF2A8CB}"
EndProject
Project("{F2A71F9B-5D33-465A-A702-920D77279786}") = "VSharp.SILI", "VSharp.SILI\VSharp.SILI.fsproj", "{346FB353-40E3-440A-A956-7B52586D6C95}"
EndProject
Project("{FAE04EC0-301F-11D3-BF4B-00C04F79EFBC}") = "VSharp.Test", "VSharp.Test\VSharp.Test.csproj", "{386DACA2-361C-4742-8836-57BF7C7D71E0}"
EndProject
Project("{FAE04EC0-301F-11D3-BF4B-00C04F79EFBC}") = "VSharp.TestRunner", "VSharp.TestRunner\VSharp.TestRunner.csproj", "{3DDCE1AF-A16B-42E9-8E99-3249E7EA69D0}"
EndProject
Project("{FAE04EC0-301F-11D3-BF4B-00C04F79EFBC}") = "VSharp.Runner", "VSharp.Runner\VSharp.Runner.csproj", "{49CF66CD-2465-415E-8464-46D95042E0AF}"
EndProject
Project("{FAE04EC0-301F-11D3-BF4B-00C04F79EFBC}") = "VSharp.API", "VSharp.API\VSharp.API.csproj", "{C908A11C-B910-4283-A718-DA6A69E19D7F}"
EndProject
Project("{F2A71F9B-5D33-465A-A702-920D77279786}") = "VSharp.IL", "VSharp.IL\VSharp.IL.fsproj", "{6AD7C7F8-A30A-4CBB-A5DC-19376A6634CD}"
EndProject
Project("{FAE04EC0-301F-11D3-BF4B-00C04F79EFBC}") = "VSharp.TestRenderer", "VSharp.TestRenderer\VSharp.TestRenderer.csproj", "{BE5A0381-8532-457E-A6FC-B04D5F080C0B}"
EndProject
Project("{FAE04EC0-301F-11D3-BF4B-00C04F79EFBC}") = "VSharp.TestExtensions", "VSharp.TestExtensions\VSharp.TestExtensions.csproj", "{4C5B924D-8934-44F2-847A-BE91416DB557}"
EndProject
Project("{F2A71F9B-5D33-465A-A702-920D77279786}") = "VSharp.TestGenerator", "VSharp.TestGenerator\VSharp.TestGenerator.fsproj", "{8FC15B9A-7563-4480-9E3A-30DE29CD9C5F}"
EndProject
Project("{F2A71F9B-5D33-465A-A702-920D77279786}") = "VSharp.ML.GameServer.Runner", "VSharp.ML.GameServer.Runner\VSharp.ML.GameServer.Runner.fsproj", "{68921FA7-1FBD-43E5-9459-EA01303A4DC8}"
EndProject
Project("{FAE04EC0-301F-11D3-BF4B-00C04F79EFBC}") = "VSharp.ML.GameMaps", "VSharp.ML.GameMaps\VSharp.ML.GameMaps.csproj", "{F298C435-7787-4273-B0D7-90EA98FA0550}"
EndProject
Project("{F2A71F9B-5D33-465A-A702-920D77279786}") = "VSharp.ML.GameServer", "VSharp.ML.GameServer\VSharp.ML.GameServer.fsproj", "{44586A7C-12E4-4765-ADF0-20DE2ED2EEC7}"
EndProject
Project("{FAE04EC0-301F-11D3-BF4B-00C04F79EFBC}") = "Advanced.Algorithms", "Advanced.Algorithms\Advanced.Algorithms.csproj", "{D6083B16-23A8-48B8-832C-6D0E097B9ECF}"
EndProject
Project("{FAE04EC0-301F-11D3-BF4B-00C04F79EFBC}") = "VSharp.CoverageRunner", "VSharp.CoverageRunner\VSharp.CoverageRunner.csproj", "{AEB2ABD0-5045-4A28-BBEB-2F353BD543FE}"
EndProject
Project("{F2A71F9B-5D33-465A-A702-920D77279786}") = "VSharp.Fuzzer", "VSharp.Fuzzer\VSharp.Fuzzer.fsproj", "{70A99736-8F51-40EA-9AB3-37E64697D3B8}"
EndProject
Project("{F2A71F9B-5D33-465A-A702-920D77279786}") = "VSharp.Explorer", "VSharp.Explorer\VSharp.Explorer.fsproj", "{9455C456-51A6-4CA3-B33A-4F168CBADADA}"
EndProject
Project("{FAE04EC0-301F-11D3-BF4B-00C04F79EFBC}") = "Lifetimes", "Lifetimes\Lifetimes.csproj", "{3B9AB609-30E6-4DCF-A0D3-8DC731C268CE}"
EndProject
Project("{FAE04EC0-301F-11D3-BF4B-00C04F79EFBC}") = "DataStructures", "C-Sharp-Algorithms\DataStructures\DataStructures.csproj", "{8AA39B9E-E167-4E79-8D69-CC33B20BB4AC}"
EndProject
Project("{FAE04EC0-301F-11D3-BF4B-00C04F79EFBC}") = "Algorithms", "C-Sharp-Algorithms\Algorithms\Algorithms.csproj", "{446BECCF-1CC3-48AF-810B-BCF6E6E84DE0}"
EndProject
Project("{2150E333-8FDC-42A3-9474-1A3956D46DE8}") = "BizHawk", "BizHawk", "{BE43DB14-A4D5-492C-B459-369A1DAC1FC1}"
EndProject
Project("{FAE04EC0-301F-11D3-BF4B-00C04F79EFBC}") = "BizHawk.Common", "BizHawk\src\BizHawk.Common\BizHawk.Common.csproj", "{34E59F4B-213A-401D-9DCA-A1AA4BBFA536}"
EndProject
Project("{FAE04EC0-301F-11D3-BF4B-00C04F79EFBC}") = "BizHawk.Emulation.Cores", "BizHawk\src\BizHawk.Emulation.Cores\BizHawk.Emulation.Cores.csproj", "{F4AB4E5C-1240-41B2-931B-EC1661AED9BD}"
EndProject
Project("{FAE04EC0-301F-11D3-BF4B-00C04F79EFBC}") = "BizHawk.Emulation.DiscSystem", "BizHawk\src\BizHawk.Emulation.DiscSystem\BizHawk.Emulation.DiscSystem.csproj", "{0ACB537C-B692-47A4-A499-B4E311FD27F4}"
EndProject
Project("{FAE04EC0-301F-11D3-BF4B-00C04F79EFBC}") = "BizHawk.Emulation.Common", "BizHawk\src\BizHawk.Emulation.Common\BizHawk.Emulation.Common.csproj", "{6F4B6B91-2C3C-44C2-B299-D42A47CB7494}"
EndProject
Project("{FAE04EC0-301F-11D3-BF4B-00C04F79EFBC}") = "BizHawk.BizInvoke", "BizHawk\src\BizHawk.BizInvoke\BizHawk.BizInvoke.csproj", "{2AD14E0A-94AB-4A65-96A1-C2713C5C0380}"
EndProject
Project("{FAE04EC0-301F-11D3-BF4B-00C04F79EFBC}") = "Virtu", "BizHawk\ExternalCoreProjects\Virtu\Virtu.csproj", "{87628F42-54BF-4C87-8269-F549DEA1CC41}"
EndProject
Project("{2150E333-8FDC-42A3-9474-1A3956D46DE8}") = "LiteDB", "LiteDB", "{6BEB5196-7A01-4FEE-A5E8-C1355CAD6CA0}"
EndProject
Project("{FAE04EC0-301F-11D3-BF4B-00C04F79EFBC}") = "LiteDB", "LiteDB\LiteDB\LiteDB.csproj", "{A7A1171C-D186-42E9-82D5-888C484BE189}"
EndProject
Project("{FAE04EC0-301F-11D3-BF4B-00C04F79EFBC}") = "LiteDB.Benchmarks", "LiteDB\LiteDB.Benchmarks\LiteDB.Benchmarks.csproj", "{696D3176-C105-4FC6-BD5A-0E9C0E5CAD5B}"
EndProject
Project("{FAE04EC0-301F-11D3-BF4B-00C04F79EFBC}") = "LiteDB.Shell", "LiteDB\LiteDB.Shell\LiteDB.Shell.csproj", "{A26BBD16-860E-4EF8-8BC5-CFDFF7540721}"
EndProject
Project("{FAE04EC0-301F-11D3-BF4B-00C04F79EFBC}") = "LiteDB.Stress", "LiteDB\LiteDB.Stress\LiteDB.Stress.csproj", "{1DBBCF74-B0DD-4777-BE62-AF166EFC2F05}"
EndProject
Project("{FAE04EC0-301F-11D3-BF4B-00C04F79EFBC}") = "LiteDB.Tests", "LiteDB\LiteDB.Tests\LiteDB.Tests.csproj", "{40964B0D-E695-4DD3-A830-D3F92DBCC879}"
EndProject
Project("{FAE04EC0-301F-11D3-BF4B-00C04F79EFBC}") = "Unity", "StandaloneUnity\Unity\Unity.csproj", "{ECBB6DF0-8C26-422C-8CF7-7FB78C21BF06}"
EndProject
Global
	GlobalSection(SolutionConfigurationPlatforms) = preSolution
		Debug|Any CPU = Debug|Any CPU
		Release|Any CPU = Release|Any CPU
		DebugTailRec|Any CPU = DebugTailRec|Any CPU
	EndGlobalSection
	GlobalSection(ProjectConfigurationPlatforms) = postSolution
		{C3AC6243-43EB-4312-AF41-03D36CED52DE}.Debug|Any CPU.ActiveCfg = Debug|Any CPU
		{C3AC6243-43EB-4312-AF41-03D36CED52DE}.Debug|Any CPU.Build.0 = Debug|Any CPU
		{C3AC6243-43EB-4312-AF41-03D36CED52DE}.Release|Any CPU.ActiveCfg = Release|Any CPU
		{C3AC6243-43EB-4312-AF41-03D36CED52DE}.Release|Any CPU.Build.0 = Release|Any CPU
		{C3AC6243-43EB-4312-AF41-03D36CED52DE}.DebugTailRec|Any CPU.ActiveCfg = DebugTailRec|Any CPU
		{C3AC6243-43EB-4312-AF41-03D36CED52DE}.DebugTailRec|Any CPU.Build.0 = DebugTailRec|Any CPU
		{3DB0E7E2-27B2-47CD-AE52-01F8C57209E6}.Debug|Any CPU.ActiveCfg = Debug|Any CPU
		{3DB0E7E2-27B2-47CD-AE52-01F8C57209E6}.Debug|Any CPU.Build.0 = Debug|Any CPU
		{3DB0E7E2-27B2-47CD-AE52-01F8C57209E6}.Release|Any CPU.ActiveCfg = Release|Any CPU
		{3DB0E7E2-27B2-47CD-AE52-01F8C57209E6}.Release|Any CPU.Build.0 = Release|Any CPU
		{3DB0E7E2-27B2-47CD-AE52-01F8C57209E6}.DebugTailRec|Any CPU.ActiveCfg = DebugTailRec|Any CPU
		{3DB0E7E2-27B2-47CD-AE52-01F8C57209E6}.DebugTailRec|Any CPU.Build.0 = DebugTailRec|Any CPU
		{440C1023-B26F-495B-B472-883B036031B2}.Debug|Any CPU.ActiveCfg = Debug|Any CPU
		{440C1023-B26F-495B-B472-883B036031B2}.Debug|Any CPU.Build.0 = Debug|Any CPU
		{440C1023-B26F-495B-B472-883B036031B2}.Release|Any CPU.ActiveCfg = Release|Any CPU
		{440C1023-B26F-495B-B472-883B036031B2}.Release|Any CPU.Build.0 = Release|Any CPU
		{440C1023-B26F-495B-B472-883B036031B2}.DebugTailRec|Any CPU.ActiveCfg = DebugTailRec|Any CPU
		{440C1023-B26F-495B-B472-883B036031B2}.DebugTailRec|Any CPU.Build.0 = DebugTailRec|Any CPU
		{6AA1BE0D-5CD4-4F70-AC9F-B72AB8987209}.Debug|Any CPU.ActiveCfg = Debug|Any CPU
		{6AA1BE0D-5CD4-4F70-AC9F-B72AB8987209}.Debug|Any CPU.Build.0 = Debug|Any CPU
		{6AA1BE0D-5CD4-4F70-AC9F-B72AB8987209}.Release|Any CPU.ActiveCfg = Release|Any CPU
		{6AA1BE0D-5CD4-4F70-AC9F-B72AB8987209}.Release|Any CPU.Build.0 = Release|Any CPU
		{6AA1BE0D-5CD4-4F70-AC9F-B72AB8987209}.DebugTailRec|Any CPU.ActiveCfg = DebugTailRec|Any CPU
		{6AA1BE0D-5CD4-4F70-AC9F-B72AB8987209}.DebugTailRec|Any CPU.Build.0 = DebugTailRec|Any CPU
		{506074B4-2DA6-4833-9E20-C99E6AF2A8CB}.Debug|Any CPU.ActiveCfg = Debug|Any CPU
		{506074B4-2DA6-4833-9E20-C99E6AF2A8CB}.Debug|Any CPU.Build.0 = Debug|Any CPU
		{506074B4-2DA6-4833-9E20-C99E6AF2A8CB}.Release|Any CPU.ActiveCfg = Release|Any CPU
		{506074B4-2DA6-4833-9E20-C99E6AF2A8CB}.Release|Any CPU.Build.0 = Release|Any CPU
		{506074B4-2DA6-4833-9E20-C99E6AF2A8CB}.DebugTailRec|Any CPU.ActiveCfg = DebugTailRec|Any CPU
		{506074B4-2DA6-4833-9E20-C99E6AF2A8CB}.DebugTailRec|Any CPU.Build.0 = DebugTailRec|Any CPU
		{346FB353-40E3-440A-A956-7B52586D6C95}.Debug|Any CPU.ActiveCfg = Debug|Any CPU
		{346FB353-40E3-440A-A956-7B52586D6C95}.Debug|Any CPU.Build.0 = Debug|Any CPU
		{346FB353-40E3-440A-A956-7B52586D6C95}.Release|Any CPU.ActiveCfg = Release|Any CPU
		{346FB353-40E3-440A-A956-7B52586D6C95}.Release|Any CPU.Build.0 = Release|Any CPU
		{346FB353-40E3-440A-A956-7B52586D6C95}.DebugTailRec|Any CPU.ActiveCfg = DebugTailRec|Any CPU
		{346FB353-40E3-440A-A956-7B52586D6C95}.DebugTailRec|Any CPU.Build.0 = DebugTailRec|Any CPU
		{386DACA2-361C-4742-8836-57BF7C7D71E0}.Release|Any CPU.ActiveCfg = Release|Any CPU
		{386DACA2-361C-4742-8836-57BF7C7D71E0}.Release|Any CPU.Build.0 = Release|Any CPU
		{386DACA2-361C-4742-8836-57BF7C7D71E0}.Debug|Any CPU.ActiveCfg = Release|Any CPU
		{386DACA2-361C-4742-8836-57BF7C7D71E0}.Debug|Any CPU.Build.0 = Release|Any CPU
		{386DACA2-361C-4742-8836-57BF7C7D71E0}.DebugTailRec|Any CPU.ActiveCfg = Release|Any CPU
		{386DACA2-361C-4742-8836-57BF7C7D71E0}.DebugTailRec|Any CPU.Build.0 = Release|Any CPU
		{3DDCE1AF-A16B-42E9-8E99-3249E7EA69D0}.Debug|Any CPU.ActiveCfg = Debug|Any CPU
		{3DDCE1AF-A16B-42E9-8E99-3249E7EA69D0}.Debug|Any CPU.Build.0 = Debug|Any CPU
		{3DDCE1AF-A16B-42E9-8E99-3249E7EA69D0}.Release|Any CPU.ActiveCfg = Release|Any CPU
		{3DDCE1AF-A16B-42E9-8E99-3249E7EA69D0}.Release|Any CPU.Build.0 = Release|Any CPU
		{3DDCE1AF-A16B-42E9-8E99-3249E7EA69D0}.DebugTailRec|Any CPU.ActiveCfg = DebugTailRec|Any CPU
		{3DDCE1AF-A16B-42E9-8E99-3249E7EA69D0}.DebugTailRec|Any CPU.Build.0 = DebugTailRec|Any CPU
		{49CF66CD-2465-415E-8464-46D95042E0AF}.Debug|Any CPU.ActiveCfg = Debug|Any CPU
		{49CF66CD-2465-415E-8464-46D95042E0AF}.Debug|Any CPU.Build.0 = Debug|Any CPU
		{49CF66CD-2465-415E-8464-46D95042E0AF}.Release|Any CPU.ActiveCfg = Release|Any CPU
		{49CF66CD-2465-415E-8464-46D95042E0AF}.Release|Any CPU.Build.0 = Release|Any CPU
		{49CF66CD-2465-415E-8464-46D95042E0AF}.DebugTailRec|Any CPU.ActiveCfg = DebugTailRec|Any CPU
		{49CF66CD-2465-415E-8464-46D95042E0AF}.DebugTailRec|Any CPU.Build.0 = DebugTailRec|Any CPU
		{C908A11C-B910-4283-A718-DA6A69E19D7F}.Debug|Any CPU.ActiveCfg = Debug|Any CPU
		{C908A11C-B910-4283-A718-DA6A69E19D7F}.Debug|Any CPU.Build.0 = Debug|Any CPU
		{C908A11C-B910-4283-A718-DA6A69E19D7F}.Release|Any CPU.ActiveCfg = Release|Any CPU
		{C908A11C-B910-4283-A718-DA6A69E19D7F}.Release|Any CPU.Build.0 = Release|Any CPU
		{C908A11C-B910-4283-A718-DA6A69E19D7F}.DebugTailRec|Any CPU.ActiveCfg = DebugTailRec|Any CPU
		{C908A11C-B910-4283-A718-DA6A69E19D7F}.DebugTailRec|Any CPU.Build.0 = DebugTailRec|Any CPU
		{6AD7C7F8-A30A-4CBB-A5DC-19376A6634CD}.Debug|Any CPU.ActiveCfg = Debug|Any CPU
		{6AD7C7F8-A30A-4CBB-A5DC-19376A6634CD}.Debug|Any CPU.Build.0 = Debug|Any CPU
		{6AD7C7F8-A30A-4CBB-A5DC-19376A6634CD}.Release|Any CPU.ActiveCfg = Release|Any CPU
		{6AD7C7F8-A30A-4CBB-A5DC-19376A6634CD}.Release|Any CPU.Build.0 = Release|Any CPU
		{6AD7C7F8-A30A-4CBB-A5DC-19376A6634CD}.DebugTailRec|Any CPU.ActiveCfg = DebugTailRec|Any CPU
		{6AD7C7F8-A30A-4CBB-A5DC-19376A6634CD}.DebugTailRec|Any CPU.Build.0 = DebugTailRec|Any CPU
		{BE5A0381-8532-457E-A6FC-B04D5F080C0B}.Debug|Any CPU.ActiveCfg = Debug|Any CPU
		{BE5A0381-8532-457E-A6FC-B04D5F080C0B}.Debug|Any CPU.Build.0 = Debug|Any CPU
		{BE5A0381-8532-457E-A6FC-B04D5F080C0B}.Release|Any CPU.ActiveCfg = Release|Any CPU
		{BE5A0381-8532-457E-A6FC-B04D5F080C0B}.Release|Any CPU.Build.0 = Release|Any CPU
		{BE5A0381-8532-457E-A6FC-B04D5F080C0B}.DebugTailRec|Any CPU.ActiveCfg = DebugTailRec|Any CPU
		{BE5A0381-8532-457E-A6FC-B04D5F080C0B}.DebugTailRec|Any CPU.Build.0 = DebugTailRec|Any CPU
		{4C5B924D-8934-44F2-847A-BE91416DB557}.Debug|Any CPU.ActiveCfg = Debug|Any CPU
		{4C5B924D-8934-44F2-847A-BE91416DB557}.Debug|Any CPU.Build.0 = Debug|Any CPU
		{4C5B924D-8934-44F2-847A-BE91416DB557}.Release|Any CPU.ActiveCfg = Release|Any CPU
		{4C5B924D-8934-44F2-847A-BE91416DB557}.Release|Any CPU.Build.0 = Release|Any CPU
		{4C5B924D-8934-44F2-847A-BE91416DB557}.DebugTailRec|Any CPU.ActiveCfg = Debug|Any CPU
		{4C5B924D-8934-44F2-847A-BE91416DB557}.DebugTailRec|Any CPU.Build.0 = Debug|Any CPU
		{8FC15B9A-7563-4480-9E3A-30DE29CD9C5F}.Debug|Any CPU.ActiveCfg = Debug|Any CPU
		{8FC15B9A-7563-4480-9E3A-30DE29CD9C5F}.Debug|Any CPU.Build.0 = Debug|Any CPU
		{8FC15B9A-7563-4480-9E3A-30DE29CD9C5F}.Release|Any CPU.ActiveCfg = Release|Any CPU
		{8FC15B9A-7563-4480-9E3A-30DE29CD9C5F}.Release|Any CPU.Build.0 = Release|Any CPU
		{8FC15B9A-7563-4480-9E3A-30DE29CD9C5F}.DebugTailRec|Any CPU.ActiveCfg = DebugTailRec|Any CPU
		{8FC15B9A-7563-4480-9E3A-30DE29CD9C5F}.DebugTailRec|Any CPU.Build.0 = DebugTailRec|Any CPU
		{8FC15B9A-7563-4480-9E3A-30DE29CD9C5F}.DebugTailRec|Any CPU.ActiveCfg = Debug|Any CPU
		{8FC15B9A-7563-4480-9E3A-30DE29CD9C5F}.DebugTailRec|Any CPU.Build.0 = Debug|Any CPU
		{4C5B924D-8934-44F2-847A-BE91416DB557}.ReleaseConcolic|Any CPU.ActiveCfg = Release|Any CPU
		{4C5B924D-8934-44F2-847A-BE91416DB557}.DebugConcolic|Any CPU.ActiveCfg = Debug|Any CPU
		{4C5B924D-8934-44F2-847A-BE91416DB557}.DebugConcolic|Any CPU.Build.0 = Debug|Any CPU
		{4C5B924D-8934-44F2-847A-BE91416DB557}.ReleaseConcolic|Any CPU.Build.0 = Release|Any CPU
		{68921FA7-1FBD-43E5-9459-EA01303A4DC8}.Debug|Any CPU.ActiveCfg = Debug|Any CPU
		{68921FA7-1FBD-43E5-9459-EA01303A4DC8}.Debug|Any CPU.Build.0 = Debug|Any CPU
		{68921FA7-1FBD-43E5-9459-EA01303A4DC8}.Release|Any CPU.ActiveCfg = Release|Any CPU
		{68921FA7-1FBD-43E5-9459-EA01303A4DC8}.Release|Any CPU.Build.0 = Release|Any CPU
		{68921FA7-1FBD-43E5-9459-EA01303A4DC8}.DebugTailRec|Any CPU.ActiveCfg = Debug|Any CPU
		{68921FA7-1FBD-43E5-9459-EA01303A4DC8}.DebugTailRec|Any CPU.Build.0 = Debug|Any CPU
		{68921FA7-1FBD-43E5-9459-EA01303A4DC8}.ReleaseConcolic|Any CPU.ActiveCfg = Debug|Any CPU
		{68921FA7-1FBD-43E5-9459-EA01303A4DC8}.ReleaseConcolic|Any CPU.Build.0 = Debug|Any CPU
		{68921FA7-1FBD-43E5-9459-EA01303A4DC8}.DebugConcolic|Any CPU.ActiveCfg = Debug|Any CPU
		{68921FA7-1FBD-43E5-9459-EA01303A4DC8}.DebugConcolic|Any CPU.Build.0 = Debug|Any CPU
		{F298C435-7787-4273-B0D7-90EA98FA0550}.Debug|Any CPU.ActiveCfg = Debug|Any CPU
		{F298C435-7787-4273-B0D7-90EA98FA0550}.Debug|Any CPU.Build.0 = Debug|Any CPU
		{F298C435-7787-4273-B0D7-90EA98FA0550}.Release|Any CPU.ActiveCfg = Release|Any CPU
		{F298C435-7787-4273-B0D7-90EA98FA0550}.Release|Any CPU.Build.0 = Release|Any CPU
		{F298C435-7787-4273-B0D7-90EA98FA0550}.DebugTailRec|Any CPU.ActiveCfg = Debug|Any CPU
		{F298C435-7787-4273-B0D7-90EA98FA0550}.DebugTailRec|Any CPU.Build.0 = Debug|Any CPU
		{F298C435-7787-4273-B0D7-90EA98FA0550}.ReleaseConcolic|Any CPU.ActiveCfg = Debug|Any CPU
		{F298C435-7787-4273-B0D7-90EA98FA0550}.ReleaseConcolic|Any CPU.Build.0 = Debug|Any CPU
		{F298C435-7787-4273-B0D7-90EA98FA0550}.DebugConcolic|Any CPU.ActiveCfg = Debug|Any CPU
		{F298C435-7787-4273-B0D7-90EA98FA0550}.DebugConcolic|Any CPU.Build.0 = Debug|Any CPU
		{44586A7C-12E4-4765-ADF0-20DE2ED2EEC7}.Debug|Any CPU.ActiveCfg = Debug|Any CPU
		{44586A7C-12E4-4765-ADF0-20DE2ED2EEC7}.Debug|Any CPU.Build.0 = Debug|Any CPU
		{44586A7C-12E4-4765-ADF0-20DE2ED2EEC7}.Release|Any CPU.ActiveCfg = Release|Any CPU
		{44586A7C-12E4-4765-ADF0-20DE2ED2EEC7}.Release|Any CPU.Build.0 = Release|Any CPU
		{44586A7C-12E4-4765-ADF0-20DE2ED2EEC7}.DebugTailRec|Any CPU.ActiveCfg = Debug|Any CPU
		{44586A7C-12E4-4765-ADF0-20DE2ED2EEC7}.DebugTailRec|Any CPU.Build.0 = Debug|Any CPU
		{44586A7C-12E4-4765-ADF0-20DE2ED2EEC7}.ReleaseConcolic|Any CPU.ActiveCfg = Debug|Any CPU
		{44586A7C-12E4-4765-ADF0-20DE2ED2EEC7}.ReleaseConcolic|Any CPU.Build.0 = Debug|Any CPU
		{44586A7C-12E4-4765-ADF0-20DE2ED2EEC7}.DebugConcolic|Any CPU.ActiveCfg = Debug|Any CPU
		{44586A7C-12E4-4765-ADF0-20DE2ED2EEC7}.DebugConcolic|Any CPU.Build.0 = Debug|Any CPU
		{D6083B16-23A8-48B8-832C-6D0E097B9ECF}.Debug|Any CPU.ActiveCfg = Debug|Any CPU
		{D6083B16-23A8-48B8-832C-6D0E097B9ECF}.Debug|Any CPU.Build.0 = Debug|Any CPU
		{D6083B16-23A8-48B8-832C-6D0E097B9ECF}.Release|Any CPU.ActiveCfg = Release|Any CPU
		{D6083B16-23A8-48B8-832C-6D0E097B9ECF}.Release|Any CPU.Build.0 = Release|Any CPU
		{D6083B16-23A8-48B8-832C-6D0E097B9ECF}.DebugTailRec|Any CPU.ActiveCfg = Debug|Any CPU
		{D6083B16-23A8-48B8-832C-6D0E097B9ECF}.DebugTailRec|Any CPU.Build.0 = Debug|Any CPU
		{D6083B16-23A8-48B8-832C-6D0E097B9ECF}.ReleaseConcolic|Any CPU.ActiveCfg = Debug|Any CPU
		{D6083B16-23A8-48B8-832C-6D0E097B9ECF}.ReleaseConcolic|Any CPU.Build.0 = Debug|Any CPU
		{D6083B16-23A8-48B8-832C-6D0E097B9ECF}.DebugConcolic|Any CPU.ActiveCfg = Debug|Any CPU
		{D6083B16-23A8-48B8-832C-6D0E097B9ECF}.DebugConcolic|Any CPU.Build.0 = Debug|Any CPU
		{AEB2ABD0-5045-4A28-BBEB-2F353BD543FE}.Debug|Any CPU.ActiveCfg = Debug|Any CPU
		{AEB2ABD0-5045-4A28-BBEB-2F353BD543FE}.Debug|Any CPU.Build.0 = Debug|Any CPU
		{AEB2ABD0-5045-4A28-BBEB-2F353BD543FE}.Release|Any CPU.ActiveCfg = Release|Any CPU
		{AEB2ABD0-5045-4A28-BBEB-2F353BD543FE}.Release|Any CPU.Build.0 = Release|Any CPU
		{70A99736-8F51-40EA-9AB3-37E64697D3B8}.Debug|Any CPU.ActiveCfg = Debug|Any CPU
		{70A99736-8F51-40EA-9AB3-37E64697D3B8}.Debug|Any CPU.Build.0 = Debug|Any CPU
		{70A99736-8F51-40EA-9AB3-37E64697D3B8}.Release|Any CPU.ActiveCfg = Release|Any CPU
		{70A99736-8F51-40EA-9AB3-37E64697D3B8}.Release|Any CPU.Build.0 = Release|Any CPU
		{70A99736-8F51-40EA-9AB3-37E64697D3B8}.DebugTailRec|Any CPU.ActiveCfg = DebugTailRec|Any CPU
		{70A99736-8F51-40EA-9AB3-37E64697D3B8}.DebugTailRec|Any CPU.Build.0 = DebugTailRec|Any CPU
		{AEB2ABD0-5045-4A28-BBEB-2F353BD543FE}.DebugTailRec|Any CPU.ActiveCfg = DebugTailRec|Any CPU
		{AEB2ABD0-5045-4A28-BBEB-2F353BD543FE}.DebugTailRec|Any CPU.Build.0 = DebugTailRec|Any CPU
		{9455C456-51A6-4CA3-B33A-4F168CBADADA}.Debug|Any CPU.ActiveCfg = Debug|Any CPU
		{9455C456-51A6-4CA3-B33A-4F168CBADADA}.Debug|Any CPU.Build.0 = Debug|Any CPU
		{9455C456-51A6-4CA3-B33A-4F168CBADADA}.Release|Any CPU.ActiveCfg = Release|Any CPU
		{9455C456-51A6-4CA3-B33A-4F168CBADADA}.Release|Any CPU.Build.0 = Release|Any CPU
		{9455C456-51A6-4CA3-B33A-4F168CBADADA}.DebugTailRec|Any CPU.ActiveCfg = DebugTailRec|Any CPU
		{9455C456-51A6-4CA3-B33A-4F168CBADADA}.DebugTailRec|Any CPU.Build.0 = DebugTailRec|Any CPU
		{AEB2ABD0-5045-4A28-BBEB-2F353BD543FE}.DebugTailRec|Any CPU.ActiveCfg = Debug|Any CPU
		{AEB2ABD0-5045-4A28-BBEB-2F353BD543FE}.DebugTailRec|Any CPU.Build.0 = Debug|Any CPU
		{34E59F4B-213A-401D-9DCA-A1AA4BBFA536}.Debug|Any CPU.ActiveCfg = Debug|Any CPU
		{34E59F4B-213A-401D-9DCA-A1AA4BBFA536}.Debug|Any CPU.Build.0 = Debug|Any CPU
		{34E59F4B-213A-401D-9DCA-A1AA4BBFA536}.Release|Any CPU.ActiveCfg = Release|Any CPU
		{34E59F4B-213A-401D-9DCA-A1AA4BBFA536}.Release|Any CPU.Build.0 = Release|Any CPU
		{34E59F4B-213A-401D-9DCA-A1AA4BBFA536}.DebugTailRec|Any CPU.ActiveCfg = Debug|Any CPU
		{34E59F4B-213A-401D-9DCA-A1AA4BBFA536}.DebugTailRec|Any CPU.Build.0 = Debug|Any CPU
		{F4AB4E5C-1240-41B2-931B-EC1661AED9BD}.Debug|Any CPU.ActiveCfg = Debug|Any CPU
		{F4AB4E5C-1240-41B2-931B-EC1661AED9BD}.Debug|Any CPU.Build.0 = Debug|Any CPU
		{F4AB4E5C-1240-41B2-931B-EC1661AED9BD}.Release|Any CPU.ActiveCfg = Release|Any CPU
		{F4AB4E5C-1240-41B2-931B-EC1661AED9BD}.Release|Any CPU.Build.0 = Release|Any CPU
		{F4AB4E5C-1240-41B2-931B-EC1661AED9BD}.DebugTailRec|Any CPU.ActiveCfg = Debug|Any CPU
		{F4AB4E5C-1240-41B2-931B-EC1661AED9BD}.DebugTailRec|Any CPU.Build.0 = Debug|Any CPU
		{0ACB537C-B692-47A4-A499-B4E311FD27F4}.Debug|Any CPU.ActiveCfg = Debug|Any CPU
		{0ACB537C-B692-47A4-A499-B4E311FD27F4}.Debug|Any CPU.Build.0 = Debug|Any CPU
		{0ACB537C-B692-47A4-A499-B4E311FD27F4}.Release|Any CPU.ActiveCfg = Release|Any CPU
		{0ACB537C-B692-47A4-A499-B4E311FD27F4}.Release|Any CPU.Build.0 = Release|Any CPU
		{0ACB537C-B692-47A4-A499-B4E311FD27F4}.DebugTailRec|Any CPU.ActiveCfg = Debug|Any CPU
		{0ACB537C-B692-47A4-A499-B4E311FD27F4}.DebugTailRec|Any CPU.Build.0 = Debug|Any CPU
		{6F4B6B91-2C3C-44C2-B299-D42A47CB7494}.Debug|Any CPU.ActiveCfg = Debug|Any CPU
		{6F4B6B91-2C3C-44C2-B299-D42A47CB7494}.Debug|Any CPU.Build.0 = Debug|Any CPU
		{6F4B6B91-2C3C-44C2-B299-D42A47CB7494}.Release|Any CPU.ActiveCfg = Release|Any CPU
		{6F4B6B91-2C3C-44C2-B299-D42A47CB7494}.Release|Any CPU.Build.0 = Release|Any CPU
		{6F4B6B91-2C3C-44C2-B299-D42A47CB7494}.DebugTailRec|Any CPU.ActiveCfg = Debug|Any CPU
		{6F4B6B91-2C3C-44C2-B299-D42A47CB7494}.DebugTailRec|Any CPU.Build.0 = Debug|Any CPU
		{2AD14E0A-94AB-4A65-96A1-C2713C5C0380}.Debug|Any CPU.ActiveCfg = Debug|Any CPU
		{2AD14E0A-94AB-4A65-96A1-C2713C5C0380}.Debug|Any CPU.Build.0 = Debug|Any CPU
		{2AD14E0A-94AB-4A65-96A1-C2713C5C0380}.Release|Any CPU.ActiveCfg = Release|Any CPU
		{2AD14E0A-94AB-4A65-96A1-C2713C5C0380}.Release|Any CPU.Build.0 = Release|Any CPU
		{2AD14E0A-94AB-4A65-96A1-C2713C5C0380}.DebugTailRec|Any CPU.ActiveCfg = Debug|Any CPU
		{2AD14E0A-94AB-4A65-96A1-C2713C5C0380}.DebugTailRec|Any CPU.Build.0 = Debug|Any CPU
		{87628F42-54BF-4C87-8269-F549DEA1CC41}.Debug|Any CPU.ActiveCfg = Debug|Any CPU
		{87628F42-54BF-4C87-8269-F549DEA1CC41}.Debug|Any CPU.Build.0 = Debug|Any CPU
		{87628F42-54BF-4C87-8269-F549DEA1CC41}.Release|Any CPU.ActiveCfg = Release|Any CPU
		{87628F42-54BF-4C87-8269-F549DEA1CC41}.Release|Any CPU.Build.0 = Release|Any CPU
		{87628F42-54BF-4C87-8269-F549DEA1CC41}.DebugTailRec|Any CPU.ActiveCfg = Debug|Any CPU
		{87628F42-54BF-4C87-8269-F549DEA1CC41}.DebugTailRec|Any CPU.Build.0 = Debug|Any CPU
		{A7A1171C-D186-42E9-82D5-888C484BE189}.Debug|Any CPU.ActiveCfg = Debug|Any CPU
		{A7A1171C-D186-42E9-82D5-888C484BE189}.Debug|Any CPU.Build.0 = Debug|Any CPU
		{A7A1171C-D186-42E9-82D5-888C484BE189}.Release|Any CPU.ActiveCfg = Release|Any CPU
		{A7A1171C-D186-42E9-82D5-888C484BE189}.Release|Any CPU.Build.0 = Release|Any CPU
		{A7A1171C-D186-42E9-82D5-888C484BE189}.DebugTailRec|Any CPU.ActiveCfg = Debug|Any CPU
		{A7A1171C-D186-42E9-82D5-888C484BE189}.DebugTailRec|Any CPU.Build.0 = Debug|Any CPU
		{696D3176-C105-4FC6-BD5A-0E9C0E5CAD5B}.Debug|Any CPU.ActiveCfg = Debug|Any CPU
		{696D3176-C105-4FC6-BD5A-0E9C0E5CAD5B}.Debug|Any CPU.Build.0 = Debug|Any CPU
		{696D3176-C105-4FC6-BD5A-0E9C0E5CAD5B}.Release|Any CPU.ActiveCfg = Release|Any CPU
		{696D3176-C105-4FC6-BD5A-0E9C0E5CAD5B}.Release|Any CPU.Build.0 = Release|Any CPU
		{696D3176-C105-4FC6-BD5A-0E9C0E5CAD5B}.DebugTailRec|Any CPU.ActiveCfg = Debug|Any CPU
		{696D3176-C105-4FC6-BD5A-0E9C0E5CAD5B}.DebugTailRec|Any CPU.Build.0 = Debug|Any CPU
		{A26BBD16-860E-4EF8-8BC5-CFDFF7540721}.Debug|Any CPU.ActiveCfg = Debug|Any CPU
		{A26BBD16-860E-4EF8-8BC5-CFDFF7540721}.Debug|Any CPU.Build.0 = Debug|Any CPU
		{A26BBD16-860E-4EF8-8BC5-CFDFF7540721}.Release|Any CPU.ActiveCfg = Release|Any CPU
		{A26BBD16-860E-4EF8-8BC5-CFDFF7540721}.Release|Any CPU.Build.0 = Release|Any CPU
		{A26BBD16-860E-4EF8-8BC5-CFDFF7540721}.DebugTailRec|Any CPU.ActiveCfg = Debug|Any CPU
		{A26BBD16-860E-4EF8-8BC5-CFDFF7540721}.DebugTailRec|Any CPU.Build.0 = Debug|Any CPU
		{1DBBCF74-B0DD-4777-BE62-AF166EFC2F05}.Debug|Any CPU.ActiveCfg = Debug|Any CPU
		{1DBBCF74-B0DD-4777-BE62-AF166EFC2F05}.Debug|Any CPU.Build.0 = Debug|Any CPU
		{1DBBCF74-B0DD-4777-BE62-AF166EFC2F05}.Release|Any CPU.ActiveCfg = Release|Any CPU
		{1DBBCF74-B0DD-4777-BE62-AF166EFC2F05}.Release|Any CPU.Build.0 = Release|Any CPU
		{1DBBCF74-B0DD-4777-BE62-AF166EFC2F05}.DebugTailRec|Any CPU.ActiveCfg = Debug|Any CPU
		{1DBBCF74-B0DD-4777-BE62-AF166EFC2F05}.DebugTailRec|Any CPU.Build.0 = Debug|Any CPU
		{40964B0D-E695-4DD3-A830-D3F92DBCC879}.Debug|Any CPU.ActiveCfg = Debug|Any CPU
		{40964B0D-E695-4DD3-A830-D3F92DBCC879}.Debug|Any CPU.Build.0 = Debug|Any CPU
		{40964B0D-E695-4DD3-A830-D3F92DBCC879}.Release|Any CPU.ActiveCfg = Release|Any CPU
		{40964B0D-E695-4DD3-A830-D3F92DBCC879}.Release|Any CPU.Build.0 = Release|Any CPU
		{40964B0D-E695-4DD3-A830-D3F92DBCC879}.DebugTailRec|Any CPU.ActiveCfg = Debug|Any CPU
		{40964B0D-E695-4DD3-A830-D3F92DBCC879}.DebugTailRec|Any CPU.Build.0 = Debug|Any CPU
		{ECBB6DF0-8C26-422C-8CF7-7FB78C21BF06}.Debug|Any CPU.ActiveCfg = Debug|Any CPU
		{ECBB6DF0-8C26-422C-8CF7-7FB78C21BF06}.Debug|Any CPU.Build.0 = Debug|Any CPU
		{ECBB6DF0-8C26-422C-8CF7-7FB78C21BF06}.Release|Any CPU.ActiveCfg = Release|Any CPU
		{ECBB6DF0-8C26-422C-8CF7-7FB78C21BF06}.Release|Any CPU.Build.0 = Release|Any CPU
		{ECBB6DF0-8C26-422C-8CF7-7FB78C21BF06}.DebugTailRec|Any CPU.ActiveCfg = Debug|Any CPU
		{ECBB6DF0-8C26-422C-8CF7-7FB78C21BF06}.DebugTailRec|Any CPU.Build.0 = Debug|Any CPU
	EndGlobalSection
	GlobalSection(NestedProjects) = preSolution
		{34E59F4B-213A-401D-9DCA-A1AA4BBFA536} = {BE43DB14-A4D5-492C-B459-369A1DAC1FC1}
		{F4AB4E5C-1240-41B2-931B-EC1661AED9BD} = {BE43DB14-A4D5-492C-B459-369A1DAC1FC1}
		{0ACB537C-B692-47A4-A499-B4E311FD27F4} = {BE43DB14-A4D5-492C-B459-369A1DAC1FC1}
		{6F4B6B91-2C3C-44C2-B299-D42A47CB7494} = {BE43DB14-A4D5-492C-B459-369A1DAC1FC1}
		{2AD14E0A-94AB-4A65-96A1-C2713C5C0380} = {BE43DB14-A4D5-492C-B459-369A1DAC1FC1}
		{87628F42-54BF-4C87-8269-F549DEA1CC41} = {BE43DB14-A4D5-492C-B459-369A1DAC1FC1}
		{A7A1171C-D186-42E9-82D5-888C484BE189} = {6BEB5196-7A01-4FEE-A5E8-C1355CAD6CA0}
		{696D3176-C105-4FC6-BD5A-0E9C0E5CAD5B} = {6BEB5196-7A01-4FEE-A5E8-C1355CAD6CA0}
		{A26BBD16-860E-4EF8-8BC5-CFDFF7540721} = {6BEB5196-7A01-4FEE-A5E8-C1355CAD6CA0}
		{1DBBCF74-B0DD-4777-BE62-AF166EFC2F05} = {6BEB5196-7A01-4FEE-A5E8-C1355CAD6CA0}
		{40964B0D-E695-4DD3-A830-D3F92DBCC879} = {6BEB5196-7A01-4FEE-A5E8-C1355CAD6CA0}
	EndGlobalSection
EndGlobal
